
Microsoft Visual Studio Solution File, Format Version 12.00
# Visual Studio Version 16
VisualStudioVersion = 16.0.31515.178
MinimumVisualStudioVersion = 10.0.40219.1
Project("{FAE04EC0-301F-11D3-BF4B-00C04F79EFBC}") = "MovieAppWorkshop", "MovieAppWorkshop.csproj", "{1DE2B7C7-3684-4E06-B9DD-BC4B035C1187}"
EndProject
Global
	GlobalSection(SolutionConfigurationPlatforms) = preSolution
		Debug|Any CPU = Debug|Any CPU
		Release|Any CPU = Release|Any CPU
	EndGlobalSection
	GlobalSection(ProjectConfigurationPlatforms) = postSolution
		{1DE2B7C7-3684-4E06-B9DD-BC4B035C1187}.Debug|Any CPU.ActiveCfg = Debug|Any CPU
		{1DE2B7C7-3684-4E06-B9DD-BC4B035C1187}.Debug|Any CPU.Build.0 = Debug|Any CPU
		{1DE2B7C7-3684-4E06-B9DD-BC4B035C1187}.Release|Any CPU.ActiveCfg = Release|Any CPU
		{1DE2B7C7-3684-4E06-B9DD-BC4B035C1187}.Release|Any CPU.Build.0 = Release|Any CPU
	EndGlobalSection
	GlobalSection(SolutionProperties) = preSolution
		HideSolutionNode = FALSE
	EndGlobalSection
	GlobalSection(ExtensibilityGlobals) = postSolution
		SolutionGuid = {56854520-0122-4E70-B14B-7BB6FBFC85A2}
	EndGlobalSection
EndGlobal
